
Microsoft Visual Studio Solution File, Format Version 12.00
# Visual Studio Version 17
VisualStudioVersion = 17.3.32819.101
MinimumVisualStudioVersion = 10.0.40219.1
Project("{FAE04EC0-301F-11D3-BF4B-00C04F79EFBC}") = "シングルトン", "シングルトン\シングルトン.csproj", "{EB74EC03-B05C-4881-9565-FCF4FD4C8597}"
EndProject
Global
	GlobalSection(SolutionConfigurationPlatforms) = preSolution
		Debug|Any CPU = Debug|Any CPU
		Release|Any CPU = Release|Any CPU
	EndGlobalSection
	GlobalSection(ProjectConfigurationPlatforms) = postSolution
		{EB74EC03-B05C-4881-9565-FCF4FD4C8597}.Debug|Any CPU.ActiveCfg = Debug|Any CPU
		{EB74EC03-B05C-4881-9565-FCF4FD4C8597}.Debug|Any CPU.Build.0 = Debug|Any CPU
		{EB74EC03-B05C-4881-9565-FCF4FD4C8597}.Release|Any CPU.ActiveCfg = Release|Any CPU
		{EB74EC03-B05C-4881-9565-FCF4FD4C8597}.Release|Any CPU.Build.0 = Release|Any CPU
	EndGlobalSection
	GlobalSection(SolutionProperties) = preSolution
		HideSolutionNode = FALSE
	EndGlobalSection
	GlobalSection(ExtensibilityGlobals) = postSolution
		SolutionGuid = {709D2E1B-3F93-4157-AA62-21DFF236AA71}
	EndGlobalSection
EndGlobal
